
Microsoft Visual Studio Solution File, Format Version 12.00
# Visual Studio Version 17
VisualStudioVersion = 17.0.32014.148
MinimumVisualStudioVersion = 10.0.40219.1
Project("{9A19103F-16F7-4668-BE54-9A1E7A4F7556}") = "Challenger.Api", "Challenger.Api\Challenger.Api.csproj", "{174765A0-DAEB-4226-AFA0-83EA212EF6C0}"
EndProject
Project("{9A19103F-16F7-4668-BE54-9A1E7A4F7556}") = "Challenger.DbUp", "Challenger.DbUp\Challenger.DbUp.csproj", "{068F13EF-7ABD-46FD-B65A-DB0D5A7D201C}"
EndProject
Project("{9A19103F-16F7-4668-BE54-9A1E7A4F7556}") = "Challenger.Infrastructure", "Challenger.Infrastructure\Challenger.Infrastructure.csproj", "{DAF49D8F-105D-4BC8-A0F6-BFD75843D9A9}"
EndProject
Project("{9A19103F-16F7-4668-BE54-9A1E7A4F7556}") = "Challenger.Domain", "Challenger.Domain\Challenger.Domain.csproj", "{EECDFD36-A2AD-4B5B-A60C-EB60DF32463F}"
EndProject
Project("{9A19103F-16F7-4668-BE54-9A1E7A4F7556}") = "Challenger.Gateway", "Challenger.Gateway\Challenger.Gateway.csproj", "{1A4087CE-4A42-4F32-B88B-035CAD92C3CD}"
EndProject
Project("{9A19103F-16F7-4668-BE54-9A1E7A4F7556}") = "Challenger.Identity", "Challenger.Identity\Challenger.Identity.csproj", "{42A84817-4F6F-40E0-9696-68B4A3B53470}"
EndProject
Project("{9A19103F-16F7-4668-BE54-9A1E7A4F7556}") = "MvcClient", "MvcClient\MvcClient.csproj", "{926751F6-EE2D-402E-B7DF-55977E099E70}"
EndProject
Project("{9A19103F-16F7-4668-BE54-9A1E7A4F7556}") = "IdentityServerAspNetIdentity", "IdentityServerAspNetIdentity\IdentityServerAspNetIdentity.csproj", "{28004ED5-A7C7-4EFD-AD53-0717751098B2}"
EndProject
Global
	GlobalSection(SolutionConfigurationPlatforms) = preSolution
		Debug|Any CPU = Debug|Any CPU
		Release|Any CPU = Release|Any CPU
	EndGlobalSection
	GlobalSection(ProjectConfigurationPlatforms) = postSolution
		{174765A0-DAEB-4226-AFA0-83EA212EF6C0}.Debug|Any CPU.ActiveCfg = Debug|Any CPU
		{174765A0-DAEB-4226-AFA0-83EA212EF6C0}.Debug|Any CPU.Build.0 = Debug|Any CPU
		{174765A0-DAEB-4226-AFA0-83EA212EF6C0}.Release|Any CPU.ActiveCfg = Release|Any CPU
		{174765A0-DAEB-4226-AFA0-83EA212EF6C0}.Release|Any CPU.Build.0 = Release|Any CPU
		{068F13EF-7ABD-46FD-B65A-DB0D5A7D201C}.Debug|Any CPU.ActiveCfg = Debug|Any CPU
		{068F13EF-7ABD-46FD-B65A-DB0D5A7D201C}.Debug|Any CPU.Build.0 = Debug|Any CPU
		{068F13EF-7ABD-46FD-B65A-DB0D5A7D201C}.Release|Any CPU.ActiveCfg = Release|Any CPU
		{068F13EF-7ABD-46FD-B65A-DB0D5A7D201C}.Release|Any CPU.Build.0 = Release|Any CPU
		{DAF49D8F-105D-4BC8-A0F6-BFD75843D9A9}.Debug|Any CPU.ActiveCfg = Debug|Any CPU
		{DAF49D8F-105D-4BC8-A0F6-BFD75843D9A9}.Debug|Any CPU.Build.0 = Debug|Any CPU
		{DAF49D8F-105D-4BC8-A0F6-BFD75843D9A9}.Release|Any CPU.ActiveCfg = Release|Any CPU
		{DAF49D8F-105D-4BC8-A0F6-BFD75843D9A9}.Release|Any CPU.Build.0 = Release|Any CPU
		{EECDFD36-A2AD-4B5B-A60C-EB60DF32463F}.Debug|Any CPU.ActiveCfg = Debug|Any CPU
		{EECDFD36-A2AD-4B5B-A60C-EB60DF32463F}.Debug|Any CPU.Build.0 = Debug|Any CPU
		{EECDFD36-A2AD-4B5B-A60C-EB60DF32463F}.Release|Any CPU.ActiveCfg = Release|Any CPU
		{EECDFD36-A2AD-4B5B-A60C-EB60DF32463F}.Release|Any CPU.Build.0 = Release|Any CPU
		{1A4087CE-4A42-4F32-B88B-035CAD92C3CD}.Debug|Any CPU.ActiveCfg = Debug|Any CPU
		{1A4087CE-4A42-4F32-B88B-035CAD92C3CD}.Debug|Any CPU.Build.0 = Debug|Any CPU
		{1A4087CE-4A42-4F32-B88B-035CAD92C3CD}.Release|Any CPU.ActiveCfg = Release|Any CPU
		{1A4087CE-4A42-4F32-B88B-035CAD92C3CD}.Release|Any CPU.Build.0 = Release|Any CPU
		{42A84817-4F6F-40E0-9696-68B4A3B53470}.Debug|Any CPU.ActiveCfg = Debug|Any CPU
		{42A84817-4F6F-40E0-9696-68B4A3B53470}.Debug|Any CPU.Build.0 = Debug|Any CPU
		{42A84817-4F6F-40E0-9696-68B4A3B53470}.Release|Any CPU.ActiveCfg = Release|Any CPU
		{42A84817-4F6F-40E0-9696-68B4A3B53470}.Release|Any CPU.Build.0 = Release|Any CPU
		{926751F6-EE2D-402E-B7DF-55977E099E70}.Debug|Any CPU.ActiveCfg = Debug|Any CPU
		{926751F6-EE2D-402E-B7DF-55977E099E70}.Debug|Any CPU.Build.0 = Debug|Any CPU
		{926751F6-EE2D-402E-B7DF-55977E099E70}.Release|Any CPU.ActiveCfg = Release|Any CPU
		{926751F6-EE2D-402E-B7DF-55977E099E70}.Release|Any CPU.Build.0 = Release|Any CPU
		{28004ED5-A7C7-4EFD-AD53-0717751098B2}.Debug|Any CPU.ActiveCfg = Debug|Any CPU
		{28004ED5-A7C7-4EFD-AD53-0717751098B2}.Debug|Any CPU.Build.0 = Debug|Any CPU
		{28004ED5-A7C7-4EFD-AD53-0717751098B2}.Release|Any CPU.ActiveCfg = Release|Any CPU
		{28004ED5-A7C7-4EFD-AD53-0717751098B2}.Release|Any CPU.Build.0 = Release|Any CPU
	EndGlobalSection
	GlobalSection(SolutionProperties) = preSolution
		HideSolutionNode = FALSE
	EndGlobalSection
	GlobalSection(ExtensibilityGlobals) = postSolution
		SolutionGuid = {E0613CB5-900E-4A09-8DCD-0A49EE5016CB}
	EndGlobalSection
EndGlobal
